
Microsoft Visual Studio Solution File, Format Version 12.00
# Visual Studio Version 17
VisualStudioVersion = 17.3.32922.545
MinimumVisualStudioVersion = 10.0.40219.1
Project("{8BC9CEB8-8B4A-11D0-8D11-00A0C91BC942}") = "Payment Application", "Payment Application\Payment Application.vcxproj", "{5C0C1437-437B-492D-9136-56EEB3FA5805}"
EndProject
Global
	GlobalSection(SolutionConfigurationPlatforms) = preSolution
		Debug|x64 = Debug|x64
		Debug|x86 = Debug|x86
		Release|x64 = Release|x64
		Release|x86 = Release|x86
	EndGlobalSection
	GlobalSection(ProjectConfigurationPlatforms) = postSolution
		{5C0C1437-437B-492D-9136-56EEB3FA5805}.Debug|x64.ActiveCfg = Debug|x64
		{5C0C1437-437B-492D-9136-56EEB3FA5805}.Debug|x64.Build.0 = Debug|x64
		{5C0C1437-437B-492D-9136-56EEB3FA5805}.Debug|x86.ActiveCfg = Debug|Win32
		{5C0C1437-437B-492D-9136-56EEB3FA5805}.Debug|x86.Build.0 = Debug|Win32
		{5C0C1437-437B-492D-9136-56EEB3FA5805}.Release|x64.ActiveCfg = Release|x64
		{5C0C1437-437B-492D-9136-56EEB3FA5805}.Release|x64.Build.0 = Release|x64
		{5C0C1437-437B-492D-9136-56EEB3FA5805}.Release|x86.ActiveCfg = Release|Win32
		{5C0C1437-437B-492D-9136-56EEB3FA5805}.Release|x86.Build.0 = Release|Win32
	EndGlobalSection
	GlobalSection(SolutionProperties) = preSolution
		HideSolutionNode = FALSE
	EndGlobalSection
	GlobalSection(ExtensibilityGlobals) = postSolution
		SolutionGuid = {7B3DA74D-B65A-47E7-B817-3AB6303A9124}
	EndGlobalSection
EndGlobal
